
Microsoft Visual Studio Solution File, Format Version 12.00
# Visual Studio 15
VisualStudioVersion = 15.0.27428.2015
MinimumVisualStudioVersion = 10.0.40219.1
Project("{FAE04EC0-301F-11D3-BF4B-00C04F79EFBC}") = "WebAPIDemo", "WebAPIDemo\WebAPIDemo.csproj", "{A88E7B32-5195-4EEF-A582-C022F8D8D6BD}"
EndProject
Project("{FAE04EC0-301F-11D3-BF4B-00C04F79EFBC}") = "WebAndApiCombineApp", "WebAndApiCombineApp\WebAndApiCombineApp.csproj", "{DBCC373E-771B-4E1B-8131-A2007F0D53CB}"
EndProject
Global
	GlobalSection(SolutionConfigurationPlatforms) = preSolution
		Debug|Any CPU = Debug|Any CPU
		Release|Any CPU = Release|Any CPU
	EndGlobalSection
	GlobalSection(ProjectConfigurationPlatforms) = postSolution
		{A88E7B32-5195-4EEF-A582-C022F8D8D6BD}.Debug|Any CPU.ActiveCfg = Debug|Any CPU
		{A88E7B32-5195-4EEF-A582-C022F8D8D6BD}.Debug|Any CPU.Build.0 = Debug|Any CPU
		{A88E7B32-5195-4EEF-A582-C022F8D8D6BD}.Release|Any CPU.ActiveCfg = Release|Any CPU
		{A88E7B32-5195-4EEF-A582-C022F8D8D6BD}.Release|Any CPU.Build.0 = Release|Any CPU
		{DBCC373E-771B-4E1B-8131-A2007F0D53CB}.Debug|Any CPU.ActiveCfg = Debug|Any CPU
		{DBCC373E-771B-4E1B-8131-A2007F0D53CB}.Debug|Any CPU.Build.0 = Debug|Any CPU
		{DBCC373E-771B-4E1B-8131-A2007F0D53CB}.Release|Any CPU.ActiveCfg = Release|Any CPU
		{DBCC373E-771B-4E1B-8131-A2007F0D53CB}.Release|Any CPU.Build.0 = Release|Any CPU
	EndGlobalSection
	GlobalSection(SolutionProperties) = preSolution
		HideSolutionNode = FALSE
	EndGlobalSection
	GlobalSection(ExtensibilityGlobals) = postSolution
		SolutionGuid = {E9D76E38-4C70-4E6A-B8A0-A5257300D81A}
	EndGlobalSection
EndGlobal
